
Microsoft Visual Studio Solution File, Format Version 12.00
# Visual Studio Version 16
VisualStudioVersion = 16.0.29926.136
MinimumVisualStudioVersion = 10.0.40219.1
Project("{9A19103F-16F7-4668-BE54-9A1E7A4F7556}") = "UnifiedUIMod", "UnifiedUIMod\UnifiedUIMod.csproj", "{4E0BB9B3-EFB1-4D63-99D8-A3B82D33E4FE}"
EndProject
Project("{9A19103F-16F7-4668-BE54-9A1E7A4F7556}") = "UUIExampleMod", "ExampleMod\UUIExampleMod.csproj", "{3C8DEE8D-BDA9-4932-92B0-AF00FF217259}"
EndProject
Project("{2150E333-8FDC-42A3-9474-1A3956D46DE8}") = "Solution Items", "Solution Items", "{87C3BB21-72F2-414C-9D2A-EDDC2BF23D97}"
	ProjectSection(SolutionItems) = preProject
		.github\workflows\Main.yml = .github\workflows\Main.yml
		Version.props = Version.props
	EndProjectSection
EndProject
Project("{9A19103F-16F7-4668-BE54-9A1E7A4F7556}") = "UnifiedUILib", "UnifiedUILib\UnifiedUILib.csproj", "{FBB4875C-7860-4F73-8327-BEFC6BDF2339}"
EndProject
Global
	GlobalSection(SolutionConfigurationPlatforms) = preSolution
		Debug|Any CPU = Debug|Any CPU
		Release|Any CPU = Release|Any CPU
		Workshop|Any CPU = Workshop|Any CPU
	EndGlobalSection
	GlobalSection(ProjectConfigurationPlatforms) = postSolution
		{4E0BB9B3-EFB1-4D63-99D8-A3B82D33E4FE}.Debug|Any CPU.ActiveCfg = Debug|Any CPU
		{4E0BB9B3-EFB1-4D63-99D8-A3B82D33E4FE}.Debug|Any CPU.Build.0 = Debug|Any CPU
		{4E0BB9B3-EFB1-4D63-99D8-A3B82D33E4FE}.Release|Any CPU.ActiveCfg = Release|Any CPU
		{4E0BB9B3-EFB1-4D63-99D8-A3B82D33E4FE}.Release|Any CPU.Build.0 = Release|Any CPU
		{4E0BB9B3-EFB1-4D63-99D8-A3B82D33E4FE}.Workshop|Any CPU.ActiveCfg = Workshop|Any CPU
		{4E0BB9B3-EFB1-4D63-99D8-A3B82D33E4FE}.Workshop|Any CPU.Build.0 = Workshop|Any CPU
		{3C8DEE8D-BDA9-4932-92B0-AF00FF217259}.Debug|Any CPU.ActiveCfg = Debug|Any CPU
		{3C8DEE8D-BDA9-4932-92B0-AF00FF217259}.Debug|Any CPU.Build.0 = Debug|Any CPU
		{3C8DEE8D-BDA9-4932-92B0-AF00FF217259}.Release|Any CPU.ActiveCfg = Release|Any CPU
		{3C8DEE8D-BDA9-4932-92B0-AF00FF217259}.Workshop|Any CPU.ActiveCfg = Debug|Any CPU
		{FBB4875C-7860-4F73-8327-BEFC6BDF2339}.Debug|Any CPU.ActiveCfg = Debug|Any CPU
		{FBB4875C-7860-4F73-8327-BEFC6BDF2339}.Debug|Any CPU.Build.0 = Debug|Any CPU
		{FBB4875C-7860-4F73-8327-BEFC6BDF2339}.Release|Any CPU.ActiveCfg = Release|Any CPU
		{FBB4875C-7860-4F73-8327-BEFC6BDF2339}.Release|Any CPU.Build.0 = Release|Any CPU
		{FBB4875C-7860-4F73-8327-BEFC6BDF2339}.Workshop|Any CPU.ActiveCfg = Debug|Any CPU
		{FBB4875C-7860-4F73-8327-BEFC6BDF2339}.Workshop|Any CPU.Build.0 = Debug|Any CPU
	EndGlobalSection
	GlobalSection(SolutionProperties) = preSolution
		HideSolutionNode = FALSE
	EndGlobalSection
	GlobalSection(ExtensibilityGlobals) = postSolution
		SolutionGuid = {3E70877A-D9DF-4D17-837F-E4C4A7B2B269}
	EndGlobalSection
EndGlobal
